
Microsoft Visual Studio Solution File, Format Version 12.00
# Visual Studio Version 17
VisualStudioVersion = 17.0.31919.166
MinimumVisualStudioVersion = 10.0.40219.1
Project("{FAE04EC0-301F-11D3-BF4B-00C04F79EFBC}") = "Exercise5", "Exercise5\Exercise5.csproj", "{8527FB0B-33F9-4468-9359-76316B0FB427}"
EndProject
Global
	GlobalSection(SolutionConfigurationPlatforms) = preSolution
		Debug|Any CPU = Debug|Any CPU
		Release|Any CPU = Release|Any CPU
	EndGlobalSection
	GlobalSection(ProjectConfigurationPlatforms) = postSolution
		{8527FB0B-33F9-4468-9359-76316B0FB427}.Debug|Any CPU.ActiveCfg = Debug|Any CPU
		{8527FB0B-33F9-4468-9359-76316B0FB427}.Debug|Any CPU.Build.0 = Debug|Any CPU
		{8527FB0B-33F9-4468-9359-76316B0FB427}.Release|Any CPU.ActiveCfg = Release|Any CPU
		{8527FB0B-33F9-4468-9359-76316B0FB427}.Release|Any CPU.Build.0 = Release|Any CPU
	EndGlobalSection
	GlobalSection(SolutionProperties) = preSolution
		HideSolutionNode = FALSE
	EndGlobalSection
	GlobalSection(ExtensibilityGlobals) = postSolution
		SolutionGuid = {695B2606-FA5F-44C5-B23E-626EF9E55D36}
	EndGlobalSection
EndGlobal
