
Microsoft Visual Studio Solution File, Format Version 12.00
# Visual Studio Version 17
VisualStudioVersion = 17.0.31919.166
MinimumVisualStudioVersion = 10.0.40219.1
Project("{FAE04EC0-301F-11D3-BF4B-00C04F79EFBC}") = "Exercise10_MoviesNames_Lamda", "Exercise10_MoviesNames_Lamda\Exercise10_MoviesNames_Lamda.csproj", "{896E6451-32F6-4769-9BBF-2E979B2DE07D}"
EndProject
Global
	GlobalSection(SolutionConfigurationPlatforms) = preSolution
		Debug|Any CPU = Debug|Any CPU
		Release|Any CPU = Release|Any CPU
	EndGlobalSection
	GlobalSection(ProjectConfigurationPlatforms) = postSolution
		{896E6451-32F6-4769-9BBF-2E979B2DE07D}.Debug|Any CPU.ActiveCfg = Debug|Any CPU
		{896E6451-32F6-4769-9BBF-2E979B2DE07D}.Debug|Any CPU.Build.0 = Debug|Any CPU
		{896E6451-32F6-4769-9BBF-2E979B2DE07D}.Release|Any CPU.ActiveCfg = Release|Any CPU
		{896E6451-32F6-4769-9BBF-2E979B2DE07D}.Release|Any CPU.Build.0 = Release|Any CPU
	EndGlobalSection
	GlobalSection(SolutionProperties) = preSolution
		HideSolutionNode = FALSE
	EndGlobalSection
	GlobalSection(ExtensibilityGlobals) = postSolution
		SolutionGuid = {3E2A25D8-49FC-41C2-8079-DB3E8F8B3B4C}
	EndGlobalSection
EndGlobal
