
Microsoft Visual Studio Solution File, Format Version 12.00
# Visual Studio Version 17
VisualStudioVersion = 17.0.31919.166
MinimumVisualStudioVersion = 10.0.40219.1
Project("{FAE04EC0-301F-11D3-BF4B-00C04F79EFBC}") = "Exercise3", "Exercise3\Exercise3.csproj", "{CA533A11-8B8D-43EE-B005-127F16C00BFF}"
EndProject
Global
	GlobalSection(SolutionConfigurationPlatforms) = preSolution
		Debug|Any CPU = Debug|Any CPU
		Release|Any CPU = Release|Any CPU
	EndGlobalSection
	GlobalSection(ProjectConfigurationPlatforms) = postSolution
		{CA533A11-8B8D-43EE-B005-127F16C00BFF}.Debug|Any CPU.ActiveCfg = Debug|Any CPU
		{CA533A11-8B8D-43EE-B005-127F16C00BFF}.Debug|Any CPU.Build.0 = Debug|Any CPU
		{CA533A11-8B8D-43EE-B005-127F16C00BFF}.Release|Any CPU.ActiveCfg = Release|Any CPU
		{CA533A11-8B8D-43EE-B005-127F16C00BFF}.Release|Any CPU.Build.0 = Release|Any CPU
	EndGlobalSection
	GlobalSection(SolutionProperties) = preSolution
		HideSolutionNode = FALSE
	EndGlobalSection
	GlobalSection(ExtensibilityGlobals) = postSolution
		SolutionGuid = {709EC847-CEAD-4AA6-AE19-3E5027842F96}
	EndGlobalSection
EndGlobal
